
Microsoft Visual Studio Solution File, Format Version 12.00
# Visual Studio Version 16
VisualStudioVersion = 16.0.32002.261
MinimumVisualStudioVersion = 10.0.40219.1
Project("{FAE04EC0-301F-11D3-BF4B-00C04F79EFBC}") = "MyApplication.UI", "MyApplication.UI\MyApplication.UI.csproj", "{788D99DF-DE81-400A-AF8A-AA8658CBECB4}"
EndProject
Project("{FAE04EC0-301F-11D3-BF4B-00C04F79EFBC}") = "MyApplication.Core", "MyApplication.Core\MyApplication.Core.csproj", "{F5349E87-400F-4F03-9BFA-D670721E05E9}"
EndProject
Global
	GlobalSection(SolutionConfigurationPlatforms) = preSolution
		Debug|Any CPU = Debug|Any CPU
		Release|Any CPU = Release|Any CPU
	EndGlobalSection
	GlobalSection(ProjectConfigurationPlatforms) = postSolution
		{788D99DF-DE81-400A-AF8A-AA8658CBECB4}.Debug|Any CPU.ActiveCfg = Debug|Any CPU
		{788D99DF-DE81-400A-AF8A-AA8658CBECB4}.Debug|Any CPU.Build.0 = Debug|Any CPU
		{788D99DF-DE81-400A-AF8A-AA8658CBECB4}.Release|Any CPU.ActiveCfg = Release|Any CPU
		{788D99DF-DE81-400A-AF8A-AA8658CBECB4}.Release|Any CPU.Build.0 = Release|Any CPU
		{F5349E87-400F-4F03-9BFA-D670721E05E9}.Debug|Any CPU.ActiveCfg = Debug|Any CPU
		{F5349E87-400F-4F03-9BFA-D670721E05E9}.Debug|Any CPU.Build.0 = Debug|Any CPU
		{F5349E87-400F-4F03-9BFA-D670721E05E9}.Release|Any CPU.ActiveCfg = Release|Any CPU
		{F5349E87-400F-4F03-9BFA-D670721E05E9}.Release|Any CPU.Build.0 = Release|Any CPU
	EndGlobalSection
	GlobalSection(SolutionProperties) = preSolution
		HideSolutionNode = FALSE
	EndGlobalSection
	GlobalSection(ExtensibilityGlobals) = postSolution
		SolutionGuid = {C5670DCB-F070-4B2D-AA89-70525EBDAFB6}
	EndGlobalSection
EndGlobal
